PODS:
  - Aspects (1.4.1)
  - JSONWebToken (2.2.0)
  - Nimble (7.0.3)
  - Quick (1.2.0)
  - SwiftyJSON (3.1.4)

DEPENDENCIES:
  - Aspects
  - JSONWebToken (= 2.2.0)
  - Nimble (= 7.0.3)
  - Quick (= 1.2.0)
  - SwiftyJSON (= 3.1.4)

SPEC CHECKSUMS:
  Aspects: 7595ba96a6727a58ebcbfc954497fc5d2fdde546
  JSONWebToken: 6fae32489632658d563dd6952a5c34020ea813e4
  Nimble: 7f5a9c447a33002645a071bddafbfb24ea70e0ac
  Quick: 58d203b1c5e27fff7229c4c1ae445ad7069a7a08
  SwiftyJSON: c2842d878f95482ffceec5709abc3d05680c0220

PODFILE CHECKSUM: 5a34516c0ad0a3b8d637d080545e2bd148bab923

COCOAPODS: 1.4.0
